
Microsoft Visual Studio Solution File, Format Version 12.00
# Visual Studio Version 17
VisualStudioVersion = 17.5.002.0
MinimumVisualStudioVersion = 10.0.40219.1
Project("{9A19103F-16F7-4668-BE54-9A1E7A4F7556}") = "dbconn", "dbconn.csproj", "{4FE7B837-5D31-4CE3-84BA-D653F65D305F}"
EndProject
Global
	GlobalSection(SolutionConfigurationPlatforms) = preSolution
		Debug|Any CPU = Debug|Any CPU
		Release|Any CPU = Release|Any CPU
	EndGlobalSection
	GlobalSection(ProjectConfigurationPlatforms) = postSolution
		{4FE7B837-5D31-4CE3-84BA-D653F65D305F}.Debug|Any CPU.ActiveCfg = Debug|Any CPU
		{4FE7B837-5D31-4CE3-84BA-D653F65D305F}.Debug|Any CPU.Build.0 = Debug|Any CPU
		{4FE7B837-5D31-4CE3-84BA-D653F65D305F}.Release|Any CPU.ActiveCfg = Release|Any CPU
		{4FE7B837-5D31-4CE3-84BA-D653F65D305F}.Release|Any CPU.Build.0 = Release|Any CPU
	EndGlobalSection
	GlobalSection(SolutionProperties) = preSolution
		HideSolutionNode = FALSE
	EndGlobalSection
	GlobalSection(ExtensibilityGlobals) = postSolution
		SolutionGuid = {9CC84657-BD23-4B16-BB8E-0E8D777387CD}
	EndGlobalSection
EndGlobal
